
Microsoft Visual Studio Solution File, Format Version 12.00
# Visual Studio Version 17
VisualStudioVersion = 17.5.002.0
MinimumVisualStudioVersion = 10.0.40219.1
Project("{9A19103F-16F7-4668-BE54-9A1E7A4F7556}") = "Microservices.Demo.Report.API", "Microservices.Demo.Report.API.csproj", "{3C0F1473-8175-4F5F-BC87-B5526C2E3C09}"
EndProject
Global
	GlobalSection(SolutionConfigurationPlatforms) = preSolution
		Debug|Any CPU = Debug|Any CPU
		Release|Any CPU = Release|Any CPU
	EndGlobalSection
	GlobalSection(ProjectConfigurationPlatforms) = postSolution
		{3C0F1473-8175-4F5F-BC87-B5526C2E3C09}.Debug|Any CPU.ActiveCfg = Debug|Any CPU
		{3C0F1473-8175-4F5F-BC87-B5526C2E3C09}.Debug|Any CPU.Build.0 = Debug|Any CPU
		{3C0F1473-8175-4F5F-BC87-B5526C2E3C09}.Release|Any CPU.ActiveCfg = Release|Any CPU
		{3C0F1473-8175-4F5F-BC87-B5526C2E3C09}.Release|Any CPU.Build.0 = Release|Any CPU
	EndGlobalSection
	GlobalSection(SolutionProperties) = preSolution
		HideSolutionNode = FALSE
	EndGlobalSection
	GlobalSection(ExtensibilityGlobals) = postSolution
		SolutionGuid = {2411EE18-5B80-4AA4-8701-7FD2C75834FD}
	EndGlobalSection
EndGlobal
